
Microsoft Visual Studio Solution File, Format Version 12.00
# Visual Studio 15
VisualStudioVersion = 15.0.28010.2003
MinimumVisualStudioVersion = 10.0.40219.1
Project("{FAE04EC0-301F-11D3-BF4B-00C04F79EFBC}") = "SimpleAutomation", "SimpleAutomation\SimpleAutomation.csproj", "{ACF460D0-DA3D-429F-9132-7BD5F2749232}"
EndProject
Global
	GlobalSection(SolutionConfigurationPlatforms) = preSolution
		Debug|Any CPU = Debug|Any CPU
		Release|Any CPU = Release|Any CPU
	EndGlobalSection
	GlobalSection(ProjectConfigurationPlatforms) = postSolution
		{ACF460D0-DA3D-429F-9132-7BD5F2749232}.Debug|Any CPU.ActiveCfg = Debug|Any CPU
		{ACF460D0-DA3D-429F-9132-7BD5F2749232}.Debug|Any CPU.Build.0 = Debug|Any CPU
		{ACF460D0-DA3D-429F-9132-7BD5F2749232}.Release|Any CPU.ActiveCfg = Release|Any CPU
		{ACF460D0-DA3D-429F-9132-7BD5F2749232}.Release|Any CPU.Build.0 = Release|Any CPU
	EndGlobalSection
	GlobalSection(SolutionProperties) = preSolution
		HideSolutionNode = FALSE
	EndGlobalSection
	GlobalSection(ExtensibilityGlobals) = postSolution
		SolutionGuid = {D81E1147-C6E6-4093-B638-E72CE1B6F060}
	EndGlobalSection
EndGlobal
